
Microsoft Visual Studio Solution File, Format Version 12.00
# Visual Studio Version 16
VisualStudioVersion = 16.0.30907.101
MinimumVisualStudioVersion = 10.0.40219.1
Project("{FAE04EC0-301F-11D3-BF4B-00C04F79EFBC}") = "Librarian.Data", "Librarian.Data\Librarian.Data.csproj", "{23D954EA-FF5E-4ABA-A8C9-72228B15F599}"
EndProject
Project("{FAE04EC0-301F-11D3-BF4B-00C04F79EFBC}") = "Librarian.Domain", "Librarian.Logic\Librarian.Domain.csproj", "{BE1ACA09-2394-46D9-8590-1E8759275E91}"
EndProject
Project("{FAE04EC0-301F-11D3-BF4B-00C04F79EFBC}") = "Librarian.Domain.Models", "Librarian.Domain.Models\Librarian.Domain.Models.csproj", "{24D94993-849F-4C0E-8FAC-E4F45F12DA39}"
EndProject
Global
	GlobalSection(SolutionConfigurationPlatforms) = preSolution
		Debug|Any CPU = Debug|Any CPU
		Release|Any CPU = Release|Any CPU
	EndGlobalSection
	GlobalSection(ProjectConfigurationPlatforms) = postSolution
		{23D954EA-FF5E-4ABA-A8C9-72228B15F599}.Debug|Any CPU.ActiveCfg = Debug|Any CPU
		{23D954EA-FF5E-4ABA-A8C9-72228B15F599}.Debug|Any CPU.Build.0 = Debug|Any CPU
		{23D954EA-FF5E-4ABA-A8C9-72228B15F599}.Release|Any CPU.ActiveCfg = Release|Any CPU
		{23D954EA-FF5E-4ABA-A8C9-72228B15F599}.Release|Any CPU.Build.0 = Release|Any CPU
		{BE1ACA09-2394-46D9-8590-1E8759275E91}.Debug|Any CPU.ActiveCfg = Debug|Any CPU
		{BE1ACA09-2394-46D9-8590-1E8759275E91}.Debug|Any CPU.Build.0 = Debug|Any CPU
		{BE1ACA09-2394-46D9-8590-1E8759275E91}.Release|Any CPU.ActiveCfg = Release|Any CPU
		{BE1ACA09-2394-46D9-8590-1E8759275E91}.Release|Any CPU.Build.0 = Release|Any CPU
		{24D94993-849F-4C0E-8FAC-E4F45F12DA39}.Debug|Any CPU.ActiveCfg = Debug|Any CPU
		{24D94993-849F-4C0E-8FAC-E4F45F12DA39}.Debug|Any CPU.Build.0 = Debug|Any CPU
		{24D94993-849F-4C0E-8FAC-E4F45F12DA39}.Release|Any CPU.ActiveCfg = Release|Any CPU
		{24D94993-849F-4C0E-8FAC-E4F45F12DA39}.Release|Any CPU.Build.0 = Release|Any CPU
	EndGlobalSection
	GlobalSection(SolutionProperties) = preSolution
		HideSolutionNode = FALSE
	EndGlobalSection
	GlobalSection(ExtensibilityGlobals) = postSolution
		SolutionGuid = {25CBA751-F2F1-446D-AFFB-E068AA88AAA4}
	EndGlobalSection
EndGlobal
